
Microsoft Visual Studio Solution File, Format Version 12.00
# Visual Studio Version 16
VisualStudioVersion = 16.0.31727.386
MinimumVisualStudioVersion = 10.0.40219.1
Project("{9A19103F-16F7-4668-BE54-9A1E7A4F7556}") = "DataConverterUnitTests", "DataConverterUnitTests.csproj", "{41E2835B-CDE3-49CB-900C-F8B8DF292852}"
EndProject
Project("{9A19103F-16F7-4668-BE54-9A1E7A4F7556}") = "TextAndNumberDataConverter", "..\..\..\..\Documents\VCSharp\EPAM\Training 2021 Q3\M03\TextAndNumberDataConverter\TextAndNumberDataConverter.csproj", "{89611227-3A9C-47CF-B054-EA391762743B}"
EndProject
Global
	GlobalSection(SolutionConfigurationPlatforms) = preSolution
		Debug|Any CPU = Debug|Any CPU
		Release|Any CPU = Release|Any CPU
	EndGlobalSection
	GlobalSection(ProjectConfigurationPlatforms) = postSolution
		{41E2835B-CDE3-49CB-900C-F8B8DF292852}.Debug|Any CPU.ActiveCfg = Debug|Any CPU
		{41E2835B-CDE3-49CB-900C-F8B8DF292852}.Debug|Any CPU.Build.0 = Debug|Any CPU
		{41E2835B-CDE3-49CB-900C-F8B8DF292852}.Release|Any CPU.ActiveCfg = Release|Any CPU
		{41E2835B-CDE3-49CB-900C-F8B8DF292852}.Release|Any CPU.Build.0 = Release|Any CPU
		{89611227-3A9C-47CF-B054-EA391762743B}.Debug|Any CPU.ActiveCfg = Debug|Any CPU
		{89611227-3A9C-47CF-B054-EA391762743B}.Debug|Any CPU.Build.0 = Debug|Any CPU
		{89611227-3A9C-47CF-B054-EA391762743B}.Release|Any CPU.ActiveCfg = Release|Any CPU
		{89611227-3A9C-47CF-B054-EA391762743B}.Release|Any CPU.Build.0 = Release|Any CPU
	EndGlobalSection
	GlobalSection(SolutionProperties) = preSolution
		HideSolutionNode = FALSE
	EndGlobalSection
	GlobalSection(ExtensibilityGlobals) = postSolution
		SolutionGuid = {8C2489F4-12B1-4AAF-AC1F-F778E0D29CD7}
	EndGlobalSection
EndGlobal
