
Microsoft Visual Studio Solution File, Format Version 12.00
# Visual Studio Version 16
VisualStudioVersion = 16.0.31402.337
MinimumVisualStudioVersion = 10.0.40219.1
Project("{9A19103F-16F7-4668-BE54-9A1E7A4F7556}") = "ConsoleApplication", "ConsoleApplication.csproj", "{3317FC36-2D7E-46FC-8AE8-89C2534871C3}"
EndProject
Project("{9A19103F-16F7-4668-BE54-9A1E7A4F7556}") = "ParserLibrary", "..\ParserLibrary\ParserLibrary.csproj", "{5F534BA6-E44C-485B-BD83-F0873C681843}"
EndProject
Project("{FAE04EC0-301F-11D3-BF4B-00C04F79EFBC}") = "Int32ParserTester", "..\Int32ParserTester\Int32ParserTester.csproj", "{D78BAB65-50BC-447F-AE20-ED9BB5AB5449}"
EndProject
Global
	GlobalSection(SolutionConfigurationPlatforms) = preSolution
		Debug|Any CPU = Debug|Any CPU
		Release|Any CPU = Release|Any CPU
	EndGlobalSection
	GlobalSection(ProjectConfigurationPlatforms) = postSolution
		{3317FC36-2D7E-46FC-8AE8-89C2534871C3}.Debug|Any CPU.ActiveCfg = Debug|Any CPU
		{3317FC36-2D7E-46FC-8AE8-89C2534871C3}.Debug|Any CPU.Build.0 = Debug|Any CPU
		{3317FC36-2D7E-46FC-8AE8-89C2534871C3}.Release|Any CPU.ActiveCfg = Release|Any CPU
		{3317FC36-2D7E-46FC-8AE8-89C2534871C3}.Release|Any CPU.Build.0 = Release|Any CPU
		{5F534BA6-E44C-485B-BD83-F0873C681843}.Debug|Any CPU.ActiveCfg = Debug|Any CPU
		{5F534BA6-E44C-485B-BD83-F0873C681843}.Debug|Any CPU.Build.0 = Debug|Any CPU
		{5F534BA6-E44C-485B-BD83-F0873C681843}.Release|Any CPU.ActiveCfg = Release|Any CPU
		{5F534BA6-E44C-485B-BD83-F0873C681843}.Release|Any CPU.Build.0 = Release|Any CPU
		{D78BAB65-50BC-447F-AE20-ED9BB5AB5449}.Debug|Any CPU.ActiveCfg = Debug|Any CPU
		{D78BAB65-50BC-447F-AE20-ED9BB5AB5449}.Debug|Any CPU.Build.0 = Debug|Any CPU
		{D78BAB65-50BC-447F-AE20-ED9BB5AB5449}.Release|Any CPU.ActiveCfg = Release|Any CPU
		{D78BAB65-50BC-447F-AE20-ED9BB5AB5449}.Release|Any CPU.Build.0 = Release|Any CPU
	EndGlobalSection
	GlobalSection(SolutionProperties) = preSolution
		HideSolutionNode = FALSE
	EndGlobalSection
	GlobalSection(ExtensibilityGlobals) = postSolution
		SolutionGuid = {21949D74-31FC-41FD-999D-5ED42527EB49}
	EndGlobalSection
EndGlobal
