
Microsoft Visual Studio Solution File, Format Version 12.00
# Visual Studio Version 16
VisualStudioVersion = 16.0.31402.337
MinimumVisualStudioVersion = 10.0.40219.1
Project("{9A19103F-16F7-4668-BE54-9A1E7A4F7556}") = "GenericTypes", "GenericTypes.csproj", "{1A1A0447-0EE1-4CD6-8801-EC0450E083BC}"
EndProject
Project("{FAE04EC0-301F-11D3-BF4B-00C04F79EFBC}") = "StackQueueDemonstrator", "..\StackQueueDemonstrator\StackQueueDemonstrator.csproj", "{7FBF0C81-4842-466D-8EEF-7130777DCE6C}"
EndProject
Project("{FAE04EC0-301F-11D3-BF4B-00C04F79EFBC}") = "ReversePolishCalculator", "..\ReversePolishCalculator\ReversePolishCalculator.csproj", "{626A8592-EE00-496E-B2F1-3CB42A9EB7D7}"
EndProject
Global
	GlobalSection(SolutionConfigurationPlatforms) = preSolution
		Debug|Any CPU = Debug|Any CPU
		Release|Any CPU = Release|Any CPU
	EndGlobalSection
	GlobalSection(ProjectConfigurationPlatforms) = postSolution
		{1A1A0447-0EE1-4CD6-8801-EC0450E083BC}.Debug|Any CPU.ActiveCfg = Debug|Any CPU
		{1A1A0447-0EE1-4CD6-8801-EC0450E083BC}.Debug|Any CPU.Build.0 = Debug|Any CPU
		{1A1A0447-0EE1-4CD6-8801-EC0450E083BC}.Release|Any CPU.ActiveCfg = Release|Any CPU
		{1A1A0447-0EE1-4CD6-8801-EC0450E083BC}.Release|Any CPU.Build.0 = Release|Any CPU
		{7FBF0C81-4842-466D-8EEF-7130777DCE6C}.Debug|Any CPU.ActiveCfg = Debug|Any CPU
		{7FBF0C81-4842-466D-8EEF-7130777DCE6C}.Debug|Any CPU.Build.0 = Debug|Any CPU
		{7FBF0C81-4842-466D-8EEF-7130777DCE6C}.Release|Any CPU.ActiveCfg = Release|Any CPU
		{7FBF0C81-4842-466D-8EEF-7130777DCE6C}.Release|Any CPU.Build.0 = Release|Any CPU
		{626A8592-EE00-496E-B2F1-3CB42A9EB7D7}.Debug|Any CPU.ActiveCfg = Debug|Any CPU
		{626A8592-EE00-496E-B2F1-3CB42A9EB7D7}.Debug|Any CPU.Build.0 = Debug|Any CPU
		{626A8592-EE00-496E-B2F1-3CB42A9EB7D7}.Release|Any CPU.ActiveCfg = Release|Any CPU
		{626A8592-EE00-496E-B2F1-3CB42A9EB7D7}.Release|Any CPU.Build.0 = Release|Any CPU
	EndGlobalSection
	GlobalSection(SolutionProperties) = preSolution
		HideSolutionNode = FALSE
	EndGlobalSection
	GlobalSection(ExtensibilityGlobals) = postSolution
		SolutionGuid = {176DD371-43DB-469A-B068-3A4EAAA70BA5}
	EndGlobalSection
EndGlobal
