
Microsoft Visual Studio Solution File, Format Version 12.00
# Visual Studio Version 16
VisualStudioVersion = 16.0.31402.337
MinimumVisualStudioVersion = 10.0.40219.1
Project("{9A19103F-16F7-4668-BE54-9A1E7A4F7556}") = "Simple2DGameLib", "Simple2DGameLib.csproj", "{93175DCA-EDDA-45D9-B239-A421A89E0C61}"
EndProject
Project("{9A19103F-16F7-4668-BE54-9A1E7A4F7556}") = "Simple2DGame", "..\Simple2DGame\Simple2DGame.csproj", "{33D4F6C8-23A8-4A75-B0AF-82FF71C60663}"
EndProject
Project("{FAE04EC0-301F-11D3-BF4B-00C04F79EFBC}") = "ShapeLib", "..\ShapeLib\ShapeLib.csproj", "{2418122C-5F31-45C5-A458-18E0ECBCE30C}"
EndProject
Global
	GlobalSection(SolutionConfigurationPlatforms) = preSolution
		Debug|Any CPU = Debug|Any CPU
		Release|Any CPU = Release|Any CPU
	EndGlobalSection
	GlobalSection(ProjectConfigurationPlatforms) = postSolution
		{93175DCA-EDDA-45D9-B239-A421A89E0C61}.Debug|Any CPU.ActiveCfg = Debug|Any CPU
		{93175DCA-EDDA-45D9-B239-A421A89E0C61}.Debug|Any CPU.Build.0 = Debug|Any CPU
		{93175DCA-EDDA-45D9-B239-A421A89E0C61}.Release|Any CPU.ActiveCfg = Release|Any CPU
		{93175DCA-EDDA-45D9-B239-A421A89E0C61}.Release|Any CPU.Build.0 = Release|Any CPU
		{33D4F6C8-23A8-4A75-B0AF-82FF71C60663}.Debug|Any CPU.ActiveCfg = Debug|Any CPU
		{33D4F6C8-23A8-4A75-B0AF-82FF71C60663}.Debug|Any CPU.Build.0 = Debug|Any CPU
		{33D4F6C8-23A8-4A75-B0AF-82FF71C60663}.Release|Any CPU.ActiveCfg = Release|Any CPU
		{33D4F6C8-23A8-4A75-B0AF-82FF71C60663}.Release|Any CPU.Build.0 = Release|Any CPU
		{2418122C-5F31-45C5-A458-18E0ECBCE30C}.Debug|Any CPU.ActiveCfg = Debug|Any CPU
		{2418122C-5F31-45C5-A458-18E0ECBCE30C}.Debug|Any CPU.Build.0 = Debug|Any CPU
		{2418122C-5F31-45C5-A458-18E0ECBCE30C}.Release|Any CPU.ActiveCfg = Release|Any CPU
		{2418122C-5F31-45C5-A458-18E0ECBCE30C}.Release|Any CPU.Build.0 = Release|Any CPU
	EndGlobalSection
	GlobalSection(SolutionProperties) = preSolution
		HideSolutionNode = FALSE
	EndGlobalSection
	GlobalSection(ExtensibilityGlobals) = postSolution
		SolutionGuid = {B8506054-CAEB-48AB-9005-65DCDC263648}
	EndGlobalSection
EndGlobal
